// !$*UTF8*$!
{
	archiveVersion = 1;
	classes = {
	};
	objectVersion = 48;
	objects = {

/* Begin PBXBuildFile section */
		123D87B2213030E8000771CE /* AppDelegate.swift in Sources */ = {isa = PBXBuildFile; fileRef = 123D87B1213030E8000771CE /* AppDelegate.swift */; };
		123D87B4213030E8000771CE /* ViewController.swift in Sources */ = {isa = PBXBuildFile; fileRef = 123D87B3213030E8000771CE /* ViewController.swift */; };
		123D87B6213030E8000771CE /* Assets.xcassets in Resources */ = {isa = PBXBuildFile; fileRef = 123D87B5213030E8000771CE /* Assets.xcassets */; };
		123D87B9213030E8000771CE /* Main.storyboard in Resources */ = {isa = PBXBuildFile; fileRef = 123D87B7213030E8000771CE /* Main.storyboard */; };
		123D87C321303179000771CE /* VideoImageCapture.swift in Sources */ = {isa = PBXBuildFile; fileRef = 123D87C121303179000771CE /* VideoImageCapture.swift */; };
		123D87C421303179000771CE /* VideoWriter.swift in Sources */ = {isa = PBXBuildFile; fileRef = 123D87C221303179000771CE /* VideoWriter.swift */; };
/* End PBXBuildFile section */

/* Begin PBXFileReference section */
		123D87AE213030E8000771CE /* VideoAndImageCaptureDesktop.app */ = {isa = PBXFileReference; explicitFileType = wrapper.application; includeInIndex = 0; path = VideoAndImageCaptureDesktop.app; sourceTree = BUILT_PRODUCTS_DIR; };
		123D87B1213030E8000771CE /* AppDelegate.swift */ = {isa = PBXFileReference; lastKnownFileType = sourcecode.swift; path = AppDelegate.swift; sourceTree = "<group>"; };
		123D87B3213030E8000771CE /* ViewController.swift */ = {isa = PBXFileReference; lastKnownFileType = sourcecode.swift; path = ViewController.swift; sourceTree = "<group>"; };
		123D87B5213030E8000771CE /* Assets.xcassets */ = {isa = PBXFileReference; lastKnownFileType = folder.assetcatalog; path = Assets.xcassets; sourceTree = "<group>"; };
		123D87B8213030E8000771CE /* Base */ = {isa = PBXFileReference; lastKnownFileType = file.storyboard; name = Base; path = Base.lproj/Main.storyboard; sourceTree = "<group>"; };
		123D87BA213030E8000771CE /* Info.plist */ = {isa = PBXFileReference; lastKnownFileType = text.plist.xml; path = Info.plist; sourceTree = "<group>"; };
		123D87BB213030E8000771CE /* VideoAndImageCaptureDesktop.entitlements */ = {isa = PBXFileReference; lastKnownFileType = text.plist.entitlements; path = VideoAndImageCaptureDesktop.entitlements; sourceTree = "<group>"; };
		123D87C121303179000771CE /* VideoImageCapture.swift */ = {isa = PBXFileReference; fileEncoding = 4; lastKnownFileType = sourcecode.swift; path = VideoImageCapture.swift; sourceTree = "<group>"; };
		123D87C221303179000771CE /* VideoWriter.swift */ = {isa = PBXFileReference; fileEncoding = 4; lastKnownFileType = sourcecode.swift; path = VideoWriter.swift; sourceTree = "<group>"; };
/* End PBXFileReference section */

/* Begin PBXFrameworksBuildPhase section */
		123D87AB213030E8000771CE /* Frameworks */ = {
			isa = PBXFrameworksBuildPhase;
			buildActionMask = 2147483647;
			files = (
			);
			runOnlyForDeploymentPostprocessing = 0;
		};
/* End PBXFrameworksBuildPhase section */

/* Begin PBXGroup section */
		123D87A5213030E8000771CE = {
			isa = PBXGroup;
			children = (
				123D87B0213030E8000771CE /* VideoAndImageCaptureDesktop */,
				123D87AF213030E8000771CE /* Products */,
			);
			sourceTree = "<group>";
		};
		123D87AF213030E8000771CE /* Products */ = {
			isa = PBXGroup;
			children = (
				123D87AE213030E8000771CE /* VideoAndImageCaptureDesktop.app */,
			);
			name = Products;
			sourceTree = "<group>";
		};
		123D87B0213030E8000771CE /* VideoAndImageCaptureDesktop */ = {
			isa = PBXGroup;
			children = (
				123D87C121303179000771CE /* VideoImageCapture.swift */,
				123D87C221303179000771CE /* VideoWriter.swift */,
				123D87B1213030E8000771CE /* AppDelegate.swift */,
				123D87B3213030E8000771CE /* ViewController.swift */,
				123D87B5213030E8000771CE /* Assets.xcassets */,
				123D87B7213030E8000771CE /* Main.storyboard */,
				123D87BA213030E8000771CE /* Info.plist */,
				123D87BB213030E8000771CE /* VideoAndImageCaptureDesktop.entitlements */,
			);
			path = VideoAndImageCaptureDesktop;
			sourceTree = "<group>";
		};
/* End PBXGroup section */

/* Begin PBXNativeTarget section */
		123D87AD213030E8000771CE /* VideoAndImageCaptureDesktop */ = {
			isa = PBXNativeTarget;
			buildConfigurationList = 123D87BE213030E8000771CE /* Build configuration list for PBXNativeTarget "VideoAndImageCaptureDesktop" */;
			buildPhases = (
				123D87AA213030E8000771CE /* Sources */,
				123D87AB213030E8000771CE /* Frameworks */,
				123D87AC213030E8000771CE /* Resources */,
			);
			buildRules = (
			);
			dependencies = (
			);
			name = VideoAndImageCaptureDesktop;
			productName = VideoAndImageCaptureDesktop;
			productReference = 123D87AE213030E8000771CE /* VideoAndImageCaptureDesktop.app */;
			productType = "com.apple.product-type.application";
		};
/* End PBXNativeTarget section */

/* Begin PBXProject section */
		123D87A6213030E8000771CE /* Project object */ = {
			isa = PBXProject;
			attributes = {
				LastSwiftUpdateCheck = 0920;
				LastUpgradeCheck = 0920;
				ORGANIZATIONNAME = HasegawaYasuo;
				TargetAttributes = {
					123D87AD213030E8000771CE = {
						CreatedOnToolsVersion = 9.2;
						ProvisioningStyle = Automatic;
					};
				};
			};
			buildConfigurationList = 123D87A9213030E8000771CE /* Build configuration list for PBXProject "VideoAndImageCaptureDesktop" */;
			compatibilityVersion = "Xcode 8.0";
			developmentRegion = en;
			hasScannedForEncodings = 0;
			knownRegions = (
				en,
				Base,
			);
			mainGroup = 123D87A5213030E8000771CE;
			productRefGroup = 123D87AF213030E8000771CE /* Products */;
			projectDirPath = "";
			projectRoot = "";
			targets = (
				123D87AD213030E8000771CE /* VideoAndImageCaptureDesktop */,
			);
		};
/* End PBXProject section */

/* Begin PBXResourcesBuildPhase section */
		123D87AC213030E8000771CE /* Resources */ = {
			isa = PBXResourcesBuildPhase;
			buildActionMask = 2147483647;
			files = (
				123D87B6213030E8000771CE /* Assets.xcassets in Resources */,
				123D87B9213030E8000771CE /* Main.storyboard in Resources */,
			);
			runOnlyForDeploymentPostprocessing = 0;
		};
/* End PBXResourcesBuildPhase section */

/* Begin PBXSourcesBuildPhase section */
		123D87AA213030E8000771CE /* Sources */ = {
			isa = PBXSourcesBuildPhase;
			buildActionMask = 2147483647;
			files = (
				123D87C421303179000771CE /* VideoWriter.swift in Sources */,
				123D87B4213030E8000771CE /* ViewController.swift in Sources */,
				123D87C321303179000771CE /* VideoImageCapture.swift in Sources */,
				123D87B2213030E8000771CE /* AppDelegate.swift in Sources */,
			);
			runOnlyForDeploymentPostprocessing = 0;
		};
/* End PBXSourcesBuildPhase section */

/* Begin PBXVariantGroup section */
		123D87B7213030E8000771CE /* Main.storyboard */ = {
			isa = PBXVariantGroup;
			children = (
				123D87B8213030E8000771CE /* Base */,
			);
			name = Main.storyboard;
			sourceTree = "<group>";
		};
/* End PBXVariantGroup section */

/* Begin XCBuildConfiguration section */
		123D87BC213030E8000771CE /* Debug */ = {
			isa = XCBuildConfiguration;
			buildSettings = {
				ALWAYS_SEARCH_USER_PATHS = NO;
				CLANG_ANALYZER_NONNULL = YES;
				CLANG_ANALYZER_NUMBER_OBJECT_CONVERSION = YES_AGGRESSIVE;
				CLANG_CXX_LANGUAGE_STANDARD = "gnu++14";
				CLANG_CXX_LIBRARY = "libc++";
				CLANG_ENABLE_MODULES = YES;
				CLANG_ENABLE_OBJC_ARC = YES;
				CLANG_WARN_BLOCK_CAPTURE_AUTORELEASING = YES;
				CLANG_WARN_BOOL_CONVERSION = YES;
				CLANG_WARN_COMMA = YES;
				CLANG_WARN_CONSTANT_CONVERSION = YES;
				CLANG_WARN_DIRECT_OBJC_ISA_USAGE = YES_ERROR;
				CLANG_WARN_DOCUMENTATION_COMMENTS = YES;
				CLANG_WARN_EMPTY_BODY = YES;
				CLANG_WARN_ENUM_CONVERSION = YES;
				CLANG_WARN_INFINITE_RECURSION = YES;
				CLANG_WARN_INT_CONVERSION = YES;
				CLANG_WARN_NON_LITERAL_NULL_CONVERSION = YES;
				CLANG_WARN_OBJC_LITERAL_CONVERSION = YES;
				CLANG_WARN_OBJC_ROOT_CLASS = YES_ERROR;
				CLANG_WARN_RANGE_LOOP_ANALYSIS = YES;
				CLANG_WARN_STRICT_PROTOTYPES = YES;
				CLANG_WARN_SUSPICIOUS_MOVE = YES;
				CLANG_WARN_UNGUARDED_AVAILABILITY = YES_AGGRESSIVE;
				CLANG_WARN_UNREACHABLE_CODE = YES;
				CLANG_WARN__DUPLICATE_METHOD_MATCH = YES;
				CODE_SIGN_IDENTITY = "Mac Developer";
				COPY_PHASE_STRIP = NO;
				DEBUG_INFORMATION_FORMAT = dwarf;
				ENABLE_STRICT_OBJC_MSGSEND = YES;
				ENABLE_TESTABILITY = YES;
				GCC_C_LANGUAGE_STANDARD = gnu11;
				GCC_DYNAMIC_NO_PIC = NO;
				GCC_NO_COMMON_BLOCKS = YES;
				GCC_OPTIMIZATION_LEVEL = 0;
				GCC_PREPROCESSOR_DEFINITIONS = (
					"DEBUG=1",
					"$(inherited)",
				);
				GCC_WARN_64_TO_32_BIT_CONVERSION = YES;
				GCC_WARN_ABOUT_RETURN_TYPE = YES_ERROR;
				GCC_WARN_UNDECLARED_SELECTOR = YES;
				GCC_WARN_UNINITIALIZED_AUTOS = YES_AGGRESSIVE;
				GCC_WARN_UNUSED_FUNCTION = YES;
				GCC_WARN_UNUSED_VARIABLE = YES;
				MACOSX_DEPLOYMENT_TARGET = 10.12;
				MTL_ENABLE_DEBUG_INFO = YES;
				ONLY_ACTIVE_ARCH = YES;
				SDKROOT = macosx;
				SWIFT_ACTIVE_COMPILATION_CONDITIONS = DEBUG;
				SWIFT_OPTIMIZATION_LEVEL = "-Onone";
			};
			name = Debug;
		};
		123D87BD213030E8000771CE /* Release */ = {
			isa = XCBuildConfiguration;
			buildSettings = {
				ALWAYS_SEARCH_USER_PATHS = NO;
				CLANG_ANALYZER_NONNULL = YES;
				CLANG_ANALYZER_NUMBER_OBJECT_CONVERSION = YES_AGGRESSIVE;
				CLANG_CXX_LANGUAGE_STANDARD = "gnu++14";
				CLANG_CXX_LIBRARY = "libc++";
				CLANG_ENABLE_MODULES = YES;
				CLANG_ENABLE_OBJC_ARC = YES;
				CLANG_WARN_BLOCK_CAPTURE_AUTORELEASING = YES;
				CLANG_WARN_BOOL_CONVERSION = YES;
				CLANG_WARN_COMMA = YES;
				CLANG_WARN_CONSTANT_CONVERSION = YES;
				CLANG_WARN_DIRECT_OBJC_ISA_USAGE = YES_ERROR;
				CLANG_WARN_DOCUMENTATION_COMMENTS = YES;
				CLANG_WARN_EMPTY_BODY = YES;
				CLANG_WARN_ENUM_CONVERSION = YES;
				CLANG_WARN_INFINITE_RECURSION = YES;
				CLANG_WARN_INT_CONVERSION = YES;
				CLANG_WARN_NON_LITERAL_NULL_CONVERSION = YES;
				CLANG_WARN_OBJC_LITERAL_CONVERSION = YES;
				CLANG_WARN_OBJC_ROOT_CLASS = YES_ERROR;
				CLANG_WARN_RANGE_LOOP_ANALYSIS = YES;
				CLANG_WARN_STRICT_PROTOTYPES = YES;
				CLANG_WARN_SUSPICIOUS_MOVE = YES;
				CLANG_WARN_UNGUARDED_AVAILABILITY = YES_AGGRESSIVE;
				CLANG_WARN_UNREACHABLE_CODE = YES;
				CLANG_WARN__DUPLICATE_METHOD_MATCH = YES;
				CODE_SIGN_IDENTITY = "Mac Developer";
				COPY_PHASE_STRIP = NO;
				DEBUG_INFORMATION_FORMAT = "dwarf-with-dsym";
				ENABLE_NS_ASSERTIONS = NO;
				ENABLE_STRICT_OBJC_MSGSEND = YES;
				GCC_C_LANGUAGE_STANDARD = gnu11;
				GCC_NO_COMMON_BLOCKS = YES;
				GCC_WARN_64_TO_32_BIT_CONVERSION = YES;
				GCC_WARN_ABOUT_RETURN_TYPE = YES_ERROR;
				GCC_WARN_UNDECLARED_SELECTOR = YES;
				GCC_WARN_UNINITIALIZED_AUTOS = YES_AGGRESSIVE;
				GCC_WARN_UNUSED_FUNCTION = YES;
				GCC_WARN_UNUSED_VARIABLE = YES;
				MACOSX_DEPLOYMENT_TARGET = 10.12;
				MTL_ENABLE_DEBUG_INFO = NO;
				SDKROOT = macosx;
				SWIFT_OPTIMIZATION_LEVEL = "-Owholemodule";
			};
			name = Release;
		};
		123D87BF213030E8000771CE /* Debug */ = {
			isa = XCBuildConfiguration;
			buildSettings = {
				ASSETCATALOG_COMPILER_APPICON_NAME = AppIcon;
				CODE_SIGN_STYLE = Automatic;
				COMBINE_HIDPI_IMAGES = YES;
				DEVELOPMENT_TEAM = YA9XRVTFJR;
				INFOPLIST_FILE = VideoAndImageCaptureDesktop/Info.plist;
				LD_RUNPATH_SEARCH_PATHS = "$(inherited) @executable_path/../Frameworks";
				PRODUCT_BUNDLE_IDENTIFIER = com.unity.objcuitest.VideoAndImageCaptureDesktop;
				PRODUCT_NAME = "$(TARGET_NAME)";
				SWIFT_VERSION = 4.0;
			};
			name = Debug;
		};
		123D87C0213030E8000771CE /* Release */ = {
			isa = XCBuildConfiguration;
			buildSettings = {
				ASSETCATALOG_COMPILER_APPICON_NAME = AppIcon;
				CODE_SIGN_STYLE = Automatic;
				COMBINE_HIDPI_IMAGES = YES;
				DEVELOPMENT_TEAM = YA9XRVTFJR;
				INFOPLIST_FILE = VideoAndImageCaptureDesktop/Info.plist;
				LD_RUNPATH_SEARCH_PATHS = "$(inherited) @executable_path/../Frameworks";
				PRODUCT_BUNDLE_IDENTIFIER = com.unity.objcuitest.VideoAndImageCaptureDesktop;
				PRODUCT_NAME = "$(TARGET_NAME)";
				SWIFT_VERSION = 4.0;
			};
			name = Release;
		};
/* End XCBuildConfiguration section */

/* Begin XCConfigurationList section */
		123D87A9213030E8000771CE /* Build configuration list for PBXProject "VideoAndImageCaptureDesktop" */ = {
			isa = XCConfigurationList;
			buildConfigurations = (
				123D87BC213030E8000771CE /* Debug */,
				123D87BD213030E8000771CE /* Release */,
			);
			defaultConfigurationIsVisible = 0;
			defaultConfigurationName = Release;
		};
		123D87BE213030E8000771CE /* Build configuration list for PBXNativeTarget "VideoAndImageCaptureDesktop" */ = {
			isa = XCConfigurationList;
			buildConfigurations = (
				123D87BF213030E8000771CE /* Debug */,
				123D87C0213030E8000771CE /* Release */,
			);
			defaultConfigurationIsVisible = 0;
			defaultConfigurationName = Release;
		};
/* End XCConfigurationList section */
	};
	rootObject = 123D87A6213030E8000771CE /* Project object */;
}
